
Microsoft Visual Studio Solution File, Format Version 12.00
# Visual Studio 15
VisualStudioVersion = 15.0.28010.2048
MinimumVisualStudioVersion = 10.0.40219.1
Project("{FAE04EC0-301F-11D3-BF4B-00C04F79EFBC}") = "FAP", "FAP\FAP.csproj", "{A75DF858-A7E6-4A9F-B3CB-749B9B59E3E1}"
EndProject
Project("{00D1A9C2-B5F0-4AF3-8072-F6C62B433612}") = "Database1", "Database1\Database1.sqlproj", "{BA305AE0-08EE-4F82-BC1F-70A12E4F935E}"
EndProject
Global
	GlobalSection(SolutionConfigurationPlatforms) = preSolution
		Debug|Any CPU = Debug|Any CPU
		Release|Any CPU = Release|Any CPU
	EndGlobalSection
	GlobalSection(ProjectConfigurationPlatforms) = postSolution
		{A75DF858-A7E6-4A9F-B3CB-749B9B59E3E1}.Debug|Any CPU.ActiveCfg = Debug|Any CPU
		{A75DF858-A7E6-4A9F-B3CB-749B9B59E3E1}.Debug|Any CPU.Build.0 = Debug|Any CPU
		{A75DF858-A7E6-4A9F-B3CB-749B9B59E3E1}.Release|Any CPU.ActiveCfg = Release|Any CPU
		{A75DF858-A7E6-4A9F-B3CB-749B9B59E3E1}.Release|Any CPU.Build.0 = Release|Any CPU
		{BA305AE0-08EE-4F82-BC1F-70A12E4F935E}.Debug|Any CPU.ActiveCfg = Debug|Any CPU
		{BA305AE0-08EE-4F82-BC1F-70A12E4F935E}.Debug|Any CPU.Build.0 = Debug|Any CPU
		{BA305AE0-08EE-4F82-BC1F-70A12E4F935E}.Debug|Any CPU.Deploy.0 = Debug|Any CPU
		{BA305AE0-08EE-4F82-BC1F-70A12E4F935E}.Release|Any CPU.ActiveCfg = Release|Any CPU
		{BA305AE0-08EE-4F82-BC1F-70A12E4F935E}.Release|Any CPU.Build.0 = Release|Any CPU
		{BA305AE0-08EE-4F82-BC1F-70A12E4F935E}.Release|Any CPU.Deploy.0 = Release|Any CPU
	EndGlobalSection
	GlobalSection(SolutionProperties) = preSolution
		HideSolutionNode = FALSE
	EndGlobalSection
	GlobalSection(ExtensibilityGlobals) = postSolution
		SolutionGuid = {BB7657B5-3397-4118-B4D6-4882FF98C87E}
	EndGlobalSection
EndGlobal
